
Microsoft Visual Studio Solution File, Format Version 12.00
# Visual Studio Version 16
VisualStudioVersion = 16.0.34301.259
MinimumVisualStudioVersion = 10.0.40219.1
Project("{FAE04EC0-301F-11D3-BF4B-00C04F79EFBC}") = "SalesTaxProblem", "SalesTaxProblem.csproj", "{AECC07F0-ABEE-4FDC-A457-443339B25571}"
EndProject
Global
	GlobalSection(SolutionConfigurationPlatforms) = preSolution
		Debug|Any CPU = Debug|Any CPU
		Release|Any CPU = Release|Any CPU
	EndGlobalSection
	GlobalSection(ProjectConfigurationPlatforms) = postSolution
		{AECC07F0-ABEE-4FDC-A457-443339B25571}.Debug|Any CPU.ActiveCfg = Debug|Any CPU
		{AECC07F0-ABEE-4FDC-A457-443339B25571}.Debug|Any CPU.Build.0 = Debug|Any CPU
		{AECC07F0-ABEE-4FDC-A457-443339B25571}.Release|Any CPU.ActiveCfg = Release|Any CPU
		{AECC07F0-ABEE-4FDC-A457-443339B25571}.Release|Any CPU.Build.0 = Release|Any CPU
	EndGlobalSection
	GlobalSection(SolutionProperties) = preSolution
		HideSolutionNode = FALSE
	EndGlobalSection
	GlobalSection(ExtensibilityGlobals) = postSolution
		SolutionGuid = {4EE53170-FAE6-48BC-BAC1-98A790CED449}
	EndGlobalSection
EndGlobal
